<?xml version="1.0" encoding="utf-8"?>
<Project ToolsVersion="4.0" xmlns="http://schemas.microsoft.com/developer/msbuild/2003">
  <ItemGroup>
    <Filter Include="源文件">
      <UniqueIdentifier>{4FC737F1-C7A5-4376-A066-2A32D752A2FF}</UniqueIdentifier>
      <Extensions>cpp;c;cc;cxx;def;odl;idl;hpj;bat;asm;asmx</Extensions>
    </Filter>
    <Filter Include="头文件">
      <UniqueIdentifier>{93995380-89BD-4b04-88EB-625FBE52EBFB}</UniqueIdentifier>
      <Extensions>h;hpp;hxx;hm;inl;inc;xsd</Extensions>
    </Filter>
    <Filter Include="源文件\Source">
      <UniqueIdentifier>{32d83161-0d8d-45c5-a853-bef40e4e2020}</UniqueIdentifier>
    </Filter>
    <Filter Include="源文件\Source\C++PrimerPlus">
      <UniqueIdentifier>{64a2cd16-1f0d-4b6c-bd2e-b4bd29258788}</UniqueIdentifier>
    </Filter>
    <Filter Include="源文件\Source\C++PrimerPlus\ch13类继承">
      <UniqueIdentifier>{51a71342-eb36-4684-afad-02e60eff3e47}</UniqueIdentifier>
    </Filter>
    <Filter Include="源文件\Source\C++PrimerPlus\ch4复合类型">
      <UniqueIdentifier>{d33857af-209a-4346-9e1a-da6ebc2cafea}</UniqueIdentifier>
    </Filter>
    <Filter Include="源文件\Source\C++PrimerPlus\ch15异常">
      <UniqueIdentifier>{22758a45-279b-4a58-beef-d18e635ee49c}</UniqueIdentifier>
    </Filter>
    <Filter Include="源文件\Source\C++PrimerPlus\ch8函数探幽">
      <UniqueIdentifier>{be9b86d2-6fd7-475e-8aec-11981a4a98bb}</UniqueIdentifier>
    </Filter>
    <Filter Include="源文件\Source\C++PrimerPlus\ch9内存模型和名称空间">
      <UniqueIdentifier>{f77c6b0b-7c79-4618-a39a-7afc296818cd}</UniqueIdentifier>
    </Filter>
    <Filter Include="源文件\Source\学习">
      <UniqueIdentifier>{527b52d5-fd86-43d0-ba7d-83e2a5d04972}</UniqueIdentifier>
    </Filter>
    <Filter Include="源文件\Source\学习\文件操作">
      <UniqueIdentifier>{fac7a56e-a02f-40cb-aa4c-935157b995ee}</UniqueIdentifier>
    </Filter>
    <Filter Include="源文件\Source\学习\字符串">
      <UniqueIdentifier>{11c3b6e0-b708-4a6f-8e52-9e766b458118}</UniqueIdentifier>
    </Filter>
    <Filter Include="源文件\Source\C++PrimerPlus\ch12类和动态内存分配">
      <UniqueIdentifier>{bcf3950e-f4cc-4882-a72e-442843f0fefc}</UniqueIdentifier>
    </Filter>
    <Filter Include="源文件\Source\学习\数据结构">
      <UniqueIdentifier>{22ca1ae0-d955-4bd5-918e-9cb3fc406606}</UniqueIdentifier>
    </Filter>
    <Filter Include="源文件\train">
      <UniqueIdentifier>{a1262081-68a0-4468-8d08-819d11faac8e}</UniqueIdentifier>
    </Filter>
  </ItemGroup>
  <ItemGroup>
    <ClCompile Include="Source\C++Primer.Plus 6 源代码\Chapter 4\strtype3.cpp">
      <Filter>源文件\Source\C++PrimerPlus\ch4复合类型</Filter>
    </ClCompile>
    <ClCompile Include="Source\C++Primer.Plus 6 源代码\Chapter 4\assgn_st.cpp">
      <Filter>源文件\Source\C++PrimerPlus\ch4复合类型</Filter>
    </ClCompile>
    <ClCompile Include="Source\C++Primer.Plus 6 源代码\Chapter 13\usett1.cpp">
      <Filter>源文件\Source\C++PrimerPlus\ch13类继承</Filter>
    </ClCompile>
    <ClCompile Include="Source\C++Primer.Plus 6 源代码\Chapter 13\tabtenn1.cpp">
      <Filter>源文件\Source\C++PrimerPlus\ch13类继承</Filter>
    </ClCompile>
    <ClCompile Include="Source\C++Primer.Plus 6 源代码\Chapter 13\brass.cpp">
      <Filter>源文件\Source\C++PrimerPlus\ch13类继承</Filter>
    </ClCompile>
    <ClCompile Include="Source\C++Primer.Plus 6 源代码\Chapter 13\usebrass1.cpp">
      <Filter>源文件\Source\C++PrimerPlus\ch13类继承</Filter>
    </ClCompile>
    <ClCompile Include="Source\C++Primer.Plus 6 源代码\Chapter 15\error3.cpp">
      <Filter>源文件\Source\C++PrimerPlus\ch15异常</Filter>
    </ClCompile>
    <ClCompile Include="Source\C++Primer.Plus 6 源代码\Chapter 8\inline.cpp">
      <Filter>源文件\Source\C++PrimerPlus\ch8函数探幽</Filter>
    </ClCompile>
    <ClCompile Include="Source\C++Primer.Plus 6 源代码\Chapter 9\file1.cpp">
      <Filter>源文件\Source\C++PrimerPlus\ch9内存模型和名称空间</Filter>
    </ClCompile>
    <ClCompile Include="Source\C++Primer.Plus 6 源代码\Chapter 9\file2.cpp">
      <Filter>源文件\Source\C++PrimerPlus\ch9内存模型和名称空间</Filter>
    </ClCompile>
    <ClCompile Include="main.cpp">
      <Filter>源文件\Source</Filter>
    </ClCompile>
    <ClCompile Include="Source\C++Primer.Plus 6 源代码\Chapter 12\strngbad.cpp">
      <Filter>源文件\Source\C++PrimerPlus\ch12类和动态内存分配</Filter>
    </ClCompile>
    <ClCompile Include="Comp\palindromicstr.cpp">
      <Filter>源文件\train</Filter>
    </ClCompile>
    <ClCompile Include="validparas.cpp">
      <Filter>源文件\train</Filter>
    </ClCompile>
    <ClCompile Include="..\..\..\..\XMP\Record\Problems\高潮模式设计\test_smooth.cpp">
      <Filter>源文件\train</Filter>
    </ClCompile>
  </ItemGroup>
  <ItemGroup>
    <ClInclude Include="cppstudy.h">
      <Filter>头文件</Filter>
    </ClInclude>
  </ItemGroup>
</Project>